
Microsoft Visual Studio Solution File, Format Version 12.00
# Visual Studio 15
VisualStudioVersion = 15.0.28010.2036
MinimumVisualStudioVersion = 10.0.40219.1
Project("{FAE04EC0-301F-11D3-BF4B-00C04F79EFBC}") = "CodeBarR.Android", "CodeBarR\CodeBarR.Android\CodeBarR.Android.csproj", "{7A65523D-5810-4E5E-84AA-3391891DD26D}"
EndProject
Project("{FAE04EC0-301F-11D3-BF4B-00C04F79EFBC}") = "CodeBarR.iOS", "CodeBarR\CodeBarR.iOS\CodeBarR.iOS.csproj", "{8CA0AEB3-772E-4838-9613-D2E3798D9D49}"
EndProject
Project("{FAE04EC0-301F-11D3-BF4B-00C04F79EFBC}") = "CodeBarR", "CodeBarR\CodeBarR\CodeBarR.csproj", "{3DAD24BC-6EEA-4CC8-86CF-A94042C80F22}"
EndProject
Global
	GlobalSection(SolutionConfigurationPlatforms) = preSolution
		Ad-Hoc|Any CPU = Ad-Hoc|Any CPU
		Ad-Hoc|iPhone = Ad-Hoc|iPhone
		Ad-Hoc|iPhoneSimulator = Ad-Hoc|iPhoneSimulator
		AppStore|Any CPU = AppStore|Any CPU
		AppStore|iPhone = AppStore|iPhone
		AppStore|iPhoneSimulator = AppStore|iPhoneSimulator
		Debug|Any CPU = Debug|Any CPU
		Debug|iPhone = Debug|iPhone
		Debug|iPhoneSimulator = Debug|iPhoneSimulator
		Release|Any CPU = Release|Any CPU
		Release|iPhone = Release|iPhone
		Release|iPhoneSimulator = Release|iPhoneSimulator
	EndGlobalSection
	GlobalSection(ProjectConfigurationPlatforms) = postSolution
		{7A65523D-5810-4E5E-84AA-3391891DD26D}.Ad-Hoc|Any CPU.ActiveCfg = Release|Any CPU
		{7A65523D-5810-4E5E-84AA-3391891DD26D}.Ad-Hoc|Any CPU.Build.0 = Release|Any CPU
		{7A65523D-5810-4E5E-84AA-3391891DD26D}.Ad-Hoc|Any CPU.Deploy.0 = Release|Any CPU
		{7A65523D-5810-4E5E-84AA-3391891DD26D}.Ad-Hoc|iPhone.ActiveCfg = Release|Any CPU
		{7A65523D-5810-4E5E-84AA-3391891DD26D}.Ad-Hoc|iPhone.Build.0 = Release|Any CPU
		{7A65523D-5810-4E5E-84AA-3391891DD26D}.Ad-Hoc|iPhone.Deploy.0 = Release|Any CPU
		{7A65523D-5810-4E5E-84AA-3391891DD26D}.Ad-Hoc|iPhoneSimulator.ActiveCfg = Release|Any CPU
		{7A65523D-5810-4E5E-84AA-3391891DD26D}.Ad-Hoc|iPhoneSimulator.Build.0 = Release|Any CPU
		{7A65523D-5810-4E5E-84AA-3391891DD26D}.Ad-Hoc|iPhoneSimulator.Deploy.0 = Release|Any CPU
		{7A65523D-5810-4E5E-84AA-3391891DD26D}.AppStore|Any CPU.ActiveCfg = Release|Any CPU
		{7A65523D-5810-4E5E-84AA-3391891DD26D}.AppStore|Any CPU.Build.0 = Release|Any CPU
		{7A65523D-5810-4E5E-84AA-3391891DD26D}.AppStore|Any CPU.Deploy.0 = Release|Any CPU
		{7A65523D-5810-4E5E-84AA-3391891DD26D}.AppStore|iPhone.ActiveCfg = Release|Any CPU
		{7A65523D-5810-4E5E-84AA-3391891DD26D}.AppStore|iPhone.Build.0 = Release|Any CPU
		{7A65523D-5810-4E5E-84AA-3391891DD26D}.AppStore|iPhone.Deploy.0 = Release|Any CPU
		{7A65523D-5810-4E5E-84AA-3391891DD26D}.AppStore|iPhoneSimulator.ActiveCfg = Release|Any CPU
		{7A65523D-5810-4E5E-84AA-3391891DD26D}.AppStore|iPhoneSimulator.Build.0 = Release|Any CPU
		{7A65523D-5810-4E5E-84AA-3391891DD26D}.AppStore|iPhoneSimulator.Deploy.0 = Release|Any CPU
		{7A65523D-5810-4E5E-84AA-3391891DD26D}.Debug|Any CPU.ActiveCfg = Debug|Any CPU
		{7A65523D-5810-4E5E-84AA-3391891DD26D}.Debug|Any CPU.Build.0 = Debug|Any CPU
		{7A65523D-5810-4E5E-84AA-3391891DD26D}.Debug|Any CPU.Deploy.0 = Debug|Any CPU
		{7A65523D-5810-4E5E-84AA-3391891DD26D}.Debug|iPhone.ActiveCfg = Debug|Any CPU
		{7A65523D-5810-4E5E-84AA-3391891DD26D}.Debug|iPhone.Build.0 = Debug|Any CPU
		{7A65523D-5810-4E5E-84AA-3391891DD26D}.Debug|iPhone.Deploy.0 = Debug|Any CPU
		{7A65523D-5810-4E5E-84AA-3391891DD26D}.Debug|iPhoneSimulator.ActiveCfg = Debug|Any CPU
		{7A65523D-5810-4E5E-84AA-3391891DD26D}.Debug|iPhoneSimulator.Build.0 = Debug|Any CPU
		{7A65523D-5810-4E5E-84AA-3391891DD26D}.Debug|iPhoneSimulator.Deploy.0 = Debug|Any CPU
		{7A65523D-5810-4E5E-84AA-3391891DD26D}.Release|Any CPU.ActiveCfg = Release|Any CPU
		{7A65523D-5810-4E5E-84AA-3391891DD26D}.Release|Any CPU.Build.0 = Release|Any CPU
		{7A65523D-5810-4E5E-84AA-3391891DD26D}.Release|Any CPU.Deploy.0 = Release|Any CPU
		{7A65523D-5810-4E5E-84AA-3391891DD26D}.Release|iPhone.ActiveCfg = Release|Any CPU
		{7A65523D-5810-4E5E-84AA-3391891DD26D}.Release|iPhone.Build.0 = Release|Any CPU
		{7A65523D-5810-4E5E-84AA-3391891DD26D}.Release|iPhone.Deploy.0 = Release|Any CPU
		{7A65523D-5810-4E5E-84AA-3391891DD26D}.Release|iPhoneSimulator.ActiveCfg = Release|Any CPU
		{7A65523D-5810-4E5E-84AA-3391891DD26D}.Release|iPhoneSimulator.Build.0 = Release|Any CPU
		{7A65523D-5810-4E5E-84AA-3391891DD26D}.Release|iPhoneSimulator.Deploy.0 = Release|Any CPU
		{8CA0AEB3-772E-4838-9613-D2E3798D9D49}.Ad-Hoc|Any CPU.ActiveCfg = Ad-Hoc|iPhone
		{8CA0AEB3-772E-4838-9613-D2E3798D9D49}.Ad-Hoc|Any CPU.Build.0 = Ad-Hoc|iPhone
		{8CA0AEB3-772E-4838-9613-D2E3798D9D49}.Ad-Hoc|Any CPU.Deploy.0 = Ad-Hoc|iPhone
		{8CA0AEB3-772E-4838-9613-D2E3798D9D49}.Ad-Hoc|iPhone.ActiveCfg = Ad-Hoc|iPhone
		{8CA0AEB3-772E-4838-9613-D2E3798D9D49}.Ad-Hoc|iPhone.Build.0 = Ad-Hoc|iPhone
		{8CA0AEB3-772E-4838-9613-D2E3798D9D49}.Ad-Hoc|iPhone.Deploy.0 = Ad-Hoc|iPhone
		{8CA0AEB3-772E-4838-9613-D2E3798D9D49}.Ad-Hoc|iPhoneSimulator.ActiveCfg = Ad-Hoc|iPhoneSimulator
		{8CA0AEB3-772E-4838-9613-D2E3798D9D49}.Ad-Hoc|iPhoneSimulator.Build.0 = Ad-Hoc|iPhoneSimulator
		{8CA0AEB3-772E-4838-9613-D2E3798D9D49}.Ad-Hoc|iPhoneSimulator.Deploy.0 = Ad-Hoc|iPhoneSimulator
		{8CA0AEB3-772E-4838-9613-D2E3798D9D49}.AppStore|Any CPU.ActiveCfg = AppStore|iPhone
		{8CA0AEB3-772E-4838-9613-D2E3798D9D49}.AppStore|Any CPU.Build.0 = AppStore|iPhone
		{8CA0AEB3-772E-4838-9613-D2E3798D9D49}.AppStore|Any CPU.Deploy.0 = AppStore|iPhone
		{8CA0AEB3-772E-4838-9613-D2E3798D9D49}.AppStore|iPhone.ActiveCfg = AppStore|iPhone
		{8CA0AEB3-772E-4838-9613-D2E3798D9D49}.AppStore|iPhone.Build.0 = AppStore|iPhone
		{8CA0AEB3-772E-4838-9613-D2E3798D9D49}.AppStore|iPhone.Deploy.0 = AppStore|iPhone
		{8CA0AEB3-772E-4838-9613-D2E3798D9D49}.AppStore|iPhoneSimulator.ActiveCfg = AppStore|iPhoneSimulator
		{8CA0AEB3-772E-4838-9613-D2E3798D9D49}.AppStore|iPhoneSimulator.Build.0 = AppStore|iPhoneSimulator
		{8CA0AEB3-772E-4838-9613-D2E3798D9D49}.AppStore|iPhoneSimulator.Deploy.0 = AppStore|iPhoneSimulator
		{8CA0AEB3-772E-4838-9613-D2E3798D9D49}.Debug|Any CPU.ActiveCfg = Debug|iPhone
		{8CA0AEB3-772E-4838-9613-D2E3798D9D49}.Debug|Any CPU.Build.0 = Debug|iPhone
		{8CA0AEB3-772E-4838-9613-D2E3798D9D49}.Debug|Any CPU.Deploy.0 = Debug|iPhone
		{8CA0AEB3-772E-4838-9613-D2E3798D9D49}.Debug|iPhone.ActiveCfg = Debug|iPhone
		{8CA0AEB3-772E-4838-9613-D2E3798D9D49}.Debug|iPhone.Build.0 = Debug|iPhone
		{8CA0AEB3-772E-4838-9613-D2E3798D9D49}.Debug|iPhone.Deploy.0 = Debug|iPhone
		{8CA0AEB3-772E-4838-9613-D2E3798D9D49}.Debug|iPhoneSimulator.ActiveCfg = Debug|iPhoneSimulator
		{8CA0AEB3-772E-4838-9613-D2E3798D9D49}.Debug|iPhoneSimulator.Build.0 = Debug|iPhoneSimulator
		{8CA0AEB3-772E-4838-9613-D2E3798D9D49}.Debug|iPhoneSimulator.Deploy.0 = Debug|iPhoneSimulator
		{8CA0AEB3-772E-4838-9613-D2E3798D9D49}.Release|Any CPU.ActiveCfg = Release|iPhone
		{8CA0AEB3-772E-4838-9613-D2E3798D9D49}.Release|Any CPU.Build.0 = Release|iPhone
		{8CA0AEB3-772E-4838-9613-D2E3798D9D49}.Release|Any CPU.Deploy.0 = Release|iPhone
		{8CA0AEB3-772E-4838-9613-D2E3798D9D49}.Release|iPhone.ActiveCfg = Release|iPhone
		{8CA0AEB3-772E-4838-9613-D2E3798D9D49}.Release|iPhone.Build.0 = Release|iPhone
		{8CA0AEB3-772E-4838-9613-D2E3798D9D49}.Release|iPhone.Deploy.0 = Release|iPhone
		{8CA0AEB3-772E-4838-9613-D2E3798D9D49}.Release|iPhoneSimulator.ActiveCfg = Release|iPhoneSimulator
		{8CA0AEB3-772E-4838-9613-D2E3798D9D49}.Release|iPhoneSimulator.Build.0 = Release|iPhoneSimulator
		{8CA0AEB3-772E-4838-9613-D2E3798D9D49}.Release|iPhoneSimulator.Deploy.0 = Release|iPhoneSimulator
		{3DAD24BC-6EEA-4CC8-86CF-A94042C80F22}.Ad-Hoc|Any CPU.ActiveCfg = Debug|Any CPU
		{3DAD24BC-6EEA-4CC8-86CF-A94042C80F22}.Ad-Hoc|Any CPU.Build.0 = Debug|Any CPU
		{3DAD24BC-6EEA-4CC8-86CF-A94042C80F22}.Ad-Hoc|Any CPU.Deploy.0 = Debug|Any CPU
		{3DAD24BC-6EEA-4CC8-86CF-A94042C80F22}.Ad-Hoc|iPhone.ActiveCfg = Debug|Any CPU
		{3DAD24BC-6EEA-4CC8-86CF-A94042C80F22}.Ad-Hoc|iPhone.Build.0 = Debug|Any CPU
		{3DAD24BC-6EEA-4CC8-86CF-A94042C80F22}.Ad-Hoc|iPhone.Deploy.0 = Debug|Any CPU
		{3DAD24BC-6EEA-4CC8-86CF-A94042C80F22}.Ad-Hoc|iPhoneSimulator.ActiveCfg = Debug|Any CPU
		{3DAD24BC-6EEA-4CC8-86CF-A94042C80F22}.Ad-Hoc|iPhoneSimulator.Build.0 = Debug|Any CPU
		{3DAD24BC-6EEA-4CC8-86CF-A94042C80F22}.Ad-Hoc|iPhoneSimulator.Deploy.0 = Debug|Any CPU
		{3DAD24BC-6EEA-4CC8-86CF-A94042C80F22}.AppStore|Any CPU.ActiveCfg = Debug|Any CPU
		{3DAD24BC-6EEA-4CC8-86CF-A94042C80F22}.AppStore|Any CPU.Build.0 = Debug|Any CPU
		{3DAD24BC-6EEA-4CC8-86CF-A94042C80F22}.AppStore|Any CPU.Deploy.0 = Debug|Any CPU
		{3DAD24BC-6EEA-4CC8-86CF-A94042C80F22}.AppStore|iPhone.ActiveCfg = Debug|Any CPU
		{3DAD24BC-6EEA-4CC8-86CF-A94042C80F22}.AppStore|iPhone.Build.0 = Debug|Any CPU
		{3DAD24BC-6EEA-4CC8-86CF-A94042C80F22}.AppStore|iPhone.Deploy.0 = Debug|Any CPU
		{3DAD24BC-6EEA-4CC8-86CF-A94042C80F22}.AppStore|iPhoneSimulator.ActiveCfg = Debug|Any CPU
		{3DAD24BC-6EEA-4CC8-86CF-A94042C80F22}.AppStore|iPhoneSimulator.Build.0 = Debug|Any CPU
		{3DAD24BC-6EEA-4CC8-86CF-A94042C80F22}.AppStore|iPhoneSimulator.Deploy.0 = Debug|Any CPU
		{3DAD24BC-6EEA-4CC8-86CF-A94042C80F22}.Debug|Any CPU.ActiveCfg = Debug|Any CPU
		{3DAD24BC-6EEA-4CC8-86CF-A94042C80F22}.Debug|Any CPU.Build.0 = Debug|Any CPU
		{3DAD24BC-6EEA-4CC8-86CF-A94042C80F22}.Debug|Any CPU.Deploy.0 = Debug|Any CPU
		{3DAD24BC-6EEA-4CC8-86CF-A94042C80F22}.Debug|iPhone.ActiveCfg = Debug|Any CPU
		{3DAD24BC-6EEA-4CC8-86CF-A94042C80F22}.Debug|iPhone.Build.0 = Debug|Any CPU
		{3DAD24BC-6EEA-4CC8-86CF-A94042C80F22}.Debug|iPhone.Deploy.0 = Debug|Any CPU
		{3DAD24BC-6EEA-4CC8-86CF-A94042C80F22}.Debug|iPhoneSimulator.ActiveCfg = Debug|Any CPU
		{3DAD24BC-6EEA-4CC8-86CF-A94042C80F22}.Debug|iPhoneSimulator.Build.0 = Debug|Any CPU
		{3DAD24BC-6EEA-4CC8-86CF-A94042C80F22}.Debug|iPhoneSimulator.Deploy.0 = Debug|Any CPU
		{3DAD24BC-6EEA-4CC8-86CF-A94042C80F22}.Release|Any CPU.ActiveCfg = Release|Any CPU
		{3DAD24BC-6EEA-4CC8-86CF-A94042C80F22}.Release|Any CPU.Build.0 = Release|Any CPU
		{3DAD24BC-6EEA-4CC8-86CF-A94042C80F22}.Release|Any CPU.Deploy.0 = Release|Any CPU
		{3DAD24BC-6EEA-4CC8-86CF-A94042C80F22}.Release|iPhone.ActiveCfg = Release|Any CPU
		{3DAD24BC-6EEA-4CC8-86CF-A94042C80F22}.Release|iPhone.Build.0 = Release|Any CPU
		{3DAD24BC-6EEA-4CC8-86CF-A94042C80F22}.Release|iPhone.Deploy.0 = Release|Any CPU
		{3DAD24BC-6EEA-4CC8-86CF-A94042C80F22}.Release|iPhoneSimulator.ActiveCfg = Release|Any CPU
		{3DAD24BC-6EEA-4CC8-86CF-A94042C80F22}.Release|iPhoneSimulator.Build.0 = Release|Any CPU
		{3DAD24BC-6EEA-4CC8-86CF-A94042C80F22}.Release|iPhoneSimulator.Deploy.0 = Release|Any CPU
	EndGlobalSection
	GlobalSection(SolutionProperties) = preSolution
		HideSolutionNode = FALSE
	EndGlobalSection
	GlobalSection(ExtensibilityGlobals) = postSolution
		SolutionGuid = {E62BC16F-6E70-4047-B534-ACEAEEB5E85C}
	EndGlobalSection
EndGlobal
